
Microsoft Visual Studio Solution File, Format Version 12.00
# Visual Studio Version 17
VisualStudioVersion = 17.2.32602.215
MinimumVisualStudioVersion = 10.0.40219.1
Project("{FAE04EC0-301F-11D3-BF4B-00C04F79EFBC}") = "Async_And_Await_Example", "Async_And_Await_Example\Async_And_Await_Example.csproj", "{34E54F95-8F7A-4CC2-87F2-EA9BDE387394}"
EndProject
Global
	GlobalSection(SolutionConfigurationPlatforms) = preSolution
		Debug|Any CPU = Debug|Any CPU
		Release|Any CPU = Release|Any CPU
	EndGlobalSection
	GlobalSection(ProjectConfigurationPlatforms) = postSolution
		{34E54F95-8F7A-4CC2-87F2-EA9BDE387394}.Debug|Any CPU.ActiveCfg = Debug|Any CPU
		{34E54F95-8F7A-4CC2-87F2-EA9BDE387394}.Debug|Any CPU.Build.0 = Debug|Any CPU
		{34E54F95-8F7A-4CC2-87F2-EA9BDE387394}.Release|Any CPU.ActiveCfg = Release|Any CPU
		{34E54F95-8F7A-4CC2-87F2-EA9BDE387394}.Release|Any CPU.Build.0 = Release|Any CPU
	EndGlobalSection
	GlobalSection(SolutionProperties) = preSolution
		HideSolutionNode = FALSE
	EndGlobalSection
	GlobalSection(ExtensibilityGlobals) = postSolution
		SolutionGuid = {E4284CB5-0BDF-4232-BB52-961AF6EB4F41}
	EndGlobalSection
EndGlobal
